
Microsoft Visual Studio Solution File, Format Version 12.00
# Visual Studio Version 16
VisualStudioVersion = 16.0.32630.194
MinimumVisualStudioVersion = 10.0.40219.1
Project("{9A19103F-16F7-4668-BE54-9A1E7A4F7556}") = "UserRegistration", "UserRegistration.csproj", "{52EBF285-03C7-425E-8E16-FC2CB8EF29C2}"
EndProject
Project("{FAE04EC0-301F-11D3-BF4B-00C04F79EFBC}") = "User Registration Using MSTest", "..\User Registration Using MSTest\User Registration Using MSTest.csproj", "{C9DBC02F-3897-40FA-B79E-DF9906D8258C}"
EndProject
Global
	GlobalSection(SolutionConfigurationPlatforms) = preSolution
		Debug|Any CPU = Debug|Any CPU
		Release|Any CPU = Release|Any CPU
	EndGlobalSection
	GlobalSection(ProjectConfigurationPlatforms) = postSolution
		{52EBF285-03C7-425E-8E16-FC2CB8EF29C2}.Debug|Any CPU.ActiveCfg = Debug|Any CPU
		{52EBF285-03C7-425E-8E16-FC2CB8EF29C2}.Debug|Any CPU.Build.0 = Debug|Any CPU
		{52EBF285-03C7-425E-8E16-FC2CB8EF29C2}.Release|Any CPU.ActiveCfg = Release|Any CPU
		{52EBF285-03C7-425E-8E16-FC2CB8EF29C2}.Release|Any CPU.Build.0 = Release|Any CPU
		{C9DBC02F-3897-40FA-B79E-DF9906D8258C}.Debug|Any CPU.ActiveCfg = Debug|Any CPU
		{C9DBC02F-3897-40FA-B79E-DF9906D8258C}.Debug|Any CPU.Build.0 = Debug|Any CPU
		{C9DBC02F-3897-40FA-B79E-DF9906D8258C}.Release|Any CPU.ActiveCfg = Release|Any CPU
		{C9DBC02F-3897-40FA-B79E-DF9906D8258C}.Release|Any CPU.Build.0 = Release|Any CPU
	EndGlobalSection
	GlobalSection(SolutionProperties) = preSolution
		HideSolutionNode = FALSE
	EndGlobalSection
	GlobalSection(ExtensibilityGlobals) = postSolution
		SolutionGuid = {7FC16BDC-20B1-462C-8721-C25ABF40CE75}
	EndGlobalSection
EndGlobal
